
Microsoft Visual Studio Solution File, Format Version 12.00
# Visual Studio Version 17
VisualStudioVersion = 17.9.34728.123
MinimumVisualStudioVersion = 10.0.40219.1
Project("{FAE04EC0-301F-11D3-BF4B-00C04F79EFBC}") = "LambaExpressions", "LambaExpressions\LambaExpressions.csproj", "{363CF697-F7B6-45C6-9CEF-DC6B97F03E5D}"
EndProject
Global
	GlobalSection(SolutionConfigurationPlatforms) = preSolution
		Debug|Any CPU = Debug|Any CPU
		Release|Any CPU = Release|Any CPU
	EndGlobalSection
	GlobalSection(ProjectConfigurationPlatforms) = postSolution
		{363CF697-F7B6-45C6-9CEF-DC6B97F03E5D}.Debug|Any CPU.ActiveCfg = Debug|Any CPU
		{363CF697-F7B6-45C6-9CEF-DC6B97F03E5D}.Debug|Any CPU.Build.0 = Debug|Any CPU
		{363CF697-F7B6-45C6-9CEF-DC6B97F03E5D}.Release|Any CPU.ActiveCfg = Release|Any CPU
		{363CF697-F7B6-45C6-9CEF-DC6B97F03E5D}.Release|Any CPU.Build.0 = Release|Any CPU
	EndGlobalSection
	GlobalSection(SolutionProperties) = preSolution
		HideSolutionNode = FALSE
	EndGlobalSection
	GlobalSection(ExtensibilityGlobals) = postSolution
		SolutionGuid = {4F1CF79D-95F6-4318-BFC7-4F4A85647F1E}
	EndGlobalSection
EndGlobal
